dependencies:
- name: rabbitmq
  repository: file://charts/rabbitmq
  version: 1.0.0
- name: config-service
  repository: file://charts/config-service
  version: 1.0.0
- name: user-service
  repository: file://charts/user-service
  version: 1.0.0
- name: ordering-service
  repository: file://charts/ordering-service
  version: 1.0.0
- name: product-service
  repository: file://charts/product-service
  version: 1.1.0
- name: gateway-service
  repository: file://charts/gateway-service
  version: 1.0.0
digest: sha256:52c4255e9590ff632df5a045a247ea022d7311cdee59ec2db287624fcd12cbd4
generated: "2024-12-24T00:28:24.535066+09:00"
